
Microsoft Visual Studio Solution File, Format Version 12.00
# Visual Studio Version 16
VisualStudioVersion = 16.0.30330.147
MinimumVisualStudioVersion = 10.0.40219.1
Project("{9A19103F-16F7-4668-BE54-9A1E7A4F7556}") = "FactoryPattern", "Patterns\FactoryPattern.csproj", "{833EDB21-F031-4205-AD97-0712DA87D25C}"
EndProject
Project("{9A19103F-16F7-4668-BE54-9A1E7A4F7556}") = "AdapterPattern", "AdapterPattern\AdapterPattern.csproj", "{11839039-DE95-404F-8340-AD999B4EB7D9}"
EndProject
Project("{9A19103F-16F7-4668-BE54-9A1E7A4F7556}") = "AbstractFactoryPattern", "AbstractFactoryPattern\AbstractFactoryPattern.csproj", "{7FD86DC5-2B60-4B77-8899-924B51E3F68C}"
EndProject
Project("{9A19103F-16F7-4668-BE54-9A1E7A4F7556}") = "SingletonPattern", "SingletonPattern\SingletonPattern.csproj", "{D808004B-2D59-44E1-9EF3-5DA8460AB80C}"
EndProject
Project("{9A19103F-16F7-4668-BE54-9A1E7A4F7556}") = "BuilderPattern", "BuilderPattern\BuilderPattern.csproj", "{8BA32AE6-6933-4119-952E-DBE0401E208F}"
EndProject
Project("{2150E333-8FDC-42A3-9474-1A3956D46DE8}") = "Solution Items", "Solution Items", "{1A03175A-CBC2-4D55-953F-3D1EA3270252}"
	ProjectSection(SolutionItems) = preProject
		.editorconfig = .editorconfig
	EndProjectSection
EndProject
Project("{2150E333-8FDC-42A3-9474-1A3956D46DE8}") = "Creational", "Creational", "{BB3DABCD-620C-43E7-B8CA-EA4C3D883BBF}"
EndProject
Global
	GlobalSection(SolutionConfigurationPlatforms) = preSolution
		Debug|Any CPU = Debug|Any CPU
		Release|Any CPU = Release|Any CPU
	EndGlobalSection
	GlobalSection(ProjectConfigurationPlatforms) = postSolution
		{833EDB21-F031-4205-AD97-0712DA87D25C}.Debug|Any CPU.ActiveCfg = Debug|Any CPU
		{833EDB21-F031-4205-AD97-0712DA87D25C}.Debug|Any CPU.Build.0 = Debug|Any CPU
		{833EDB21-F031-4205-AD97-0712DA87D25C}.Release|Any CPU.ActiveCfg = Release|Any CPU
		{833EDB21-F031-4205-AD97-0712DA87D25C}.Release|Any CPU.Build.0 = Release|Any CPU
		{11839039-DE95-404F-8340-AD999B4EB7D9}.Debug|Any CPU.ActiveCfg = Debug|Any CPU
		{11839039-DE95-404F-8340-AD999B4EB7D9}.Debug|Any CPU.Build.0 = Debug|Any CPU
		{11839039-DE95-404F-8340-AD999B4EB7D9}.Release|Any CPU.ActiveCfg = Release|Any CPU
		{11839039-DE95-404F-8340-AD999B4EB7D9}.Release|Any CPU.Build.0 = Release|Any CPU
		{7FD86DC5-2B60-4B77-8899-924B51E3F68C}.Debug|Any CPU.ActiveCfg = Debug|Any CPU
		{7FD86DC5-2B60-4B77-8899-924B51E3F68C}.Debug|Any CPU.Build.0 = Debug|Any CPU
		{7FD86DC5-2B60-4B77-8899-924B51E3F68C}.Release|Any CPU.ActiveCfg = Release|Any CPU
		{7FD86DC5-2B60-4B77-8899-924B51E3F68C}.Release|Any CPU.Build.0 = Release|Any CPU
		{D808004B-2D59-44E1-9EF3-5DA8460AB80C}.Debug|Any CPU.ActiveCfg = Debug|Any CPU
		{D808004B-2D59-44E1-9EF3-5DA8460AB80C}.Debug|Any CPU.Build.0 = Debug|Any CPU
		{D808004B-2D59-44E1-9EF3-5DA8460AB80C}.Release|Any CPU.ActiveCfg = Release|Any CPU
		{D808004B-2D59-44E1-9EF3-5DA8460AB80C}.Release|Any CPU.Build.0 = Release|Any CPU
		{8BA32AE6-6933-4119-952E-DBE0401E208F}.Debug|Any CPU.ActiveCfg = Debug|Any CPU
		{8BA32AE6-6933-4119-952E-DBE0401E208F}.Debug|Any CPU.Build.0 = Debug|Any CPU
		{8BA32AE6-6933-4119-952E-DBE0401E208F}.Release|Any CPU.ActiveCfg = Release|Any CPU
		{8BA32AE6-6933-4119-952E-DBE0401E208F}.Release|Any CPU.Build.0 = Release|Any CPU
	EndGlobalSection
	GlobalSection(SolutionProperties) = preSolution
		HideSolutionNode = FALSE
	EndGlobalSection
	GlobalSection(NestedProjects) = preSolution
		{833EDB21-F031-4205-AD97-0712DA87D25C} = {BB3DABCD-620C-43E7-B8CA-EA4C3D883BBF}
		{7FD86DC5-2B60-4B77-8899-924B51E3F68C} = {BB3DABCD-620C-43E7-B8CA-EA4C3D883BBF}
		{D808004B-2D59-44E1-9EF3-5DA8460AB80C} = {BB3DABCD-620C-43E7-B8CA-EA4C3D883BBF}
		{8BA32AE6-6933-4119-952E-DBE0401E208F} = {BB3DABCD-620C-43E7-B8CA-EA4C3D883BBF}
	EndGlobalSection
	GlobalSection(ExtensibilityGlobals) = postSolution
		SolutionGuid = {47904274-083A-409C-A1AE-2A0824D6A9F6}
	EndGlobalSection
EndGlobal
